# Generated by pub
# See https://dart.dev/tools/pub/glossary#lockfile
packages:
  app_config:
    dependency: "direct main"
    description:
      path: "dart/app_config"
      ref: main
      resolved-ref: "149f88ddf032ecdf9184d724fb3979f125da4e93"
      url: "git@github.com:u4-d/veda_shared.git"
    source: git
    version: "1.0.0"
  async:
    dependency: transitive
    description:
      name: async
      sha256: e2eb0491ba5ddb6177742d2da23904574082139b07c1e33b8503b9f46f3e1a37
      url: "https://pub.dev"
    source: hosted
    version: "2.13.1"
  characters:
    dependency: transitive
    description:
      name: characters
      sha256: faf38497bda5ead2a8c7615f4f7939df04333478bf32e4173fcb06d428b5716b
      url: "https://pub.dev"
    source: hosted
    version: "1.4.1"
  clock:
    dependency: transitive
    description:
      name: clock
      sha256: e51d50bca3217c9a9fa2b41a30e4a38971133f5f9ec7a3d57bae095007f1d28e
      url: "https://pub.dev"
    source: hosted
    version: "1.1.3"
  collection:
    dependency: transitive
    description:
      name: collection
      sha256: "2f5709ae4d3d59dd8f7cd309b4e023046b57d8a6c82130785d2b0e5868084e76"
      url: "https://pub.dev"
    source: hosted
    version: "1.19.1"
  convert:
    dependency: transitive
    description:
      name: convert
      sha256: b30acd5944035672bc15c6b7a8b47d773e41e2f17de064350988c5d02adb1c68
      url: "https://pub.dev"
    source: hosted
    version: "3.1.2"
  cookie_jar:
    dependency: transitive
    description:
      name: cookie_jar
      sha256: "963da02c1ef64cb5ac20de948c9e5940aa351f1e34a12b1d327c83d85b7e8fff"
      url: "https://pub.dev"
    source: hosted
    version: "4.0.9"
  crypto:
    dependency: transitive
    description:
      name: crypto
      sha256: c8ea0233063ba03258fbcf2ca4d6dadfefe14f02fab57702265467a19f27fadf
      url: "https://pub.dev"
    source: hosted
    version: "3.0.7"
  csslib:
    dependency: transitive
    description:
      name: csslib
      sha256: "09bad715f418841f976c77db72d5398dc1253c21fb9c0c7f0b0b985860b2d58e"
      url: "https://pub.dev"
    source: hosted
    version: "1.0.2"
  dart_jsonwebtoken:
    dependency: transitive
    description:
      name: dart_jsonwebtoken
      sha256: ad84e60181696513d04d5f2078e0bbc20365b911f46f647797317414bdc88fbe
      url: "https://pub.dev"
    source: hosted
    version: "3.4.1"
  dio:
    dependency: transitive
    description:
      name: dio
      sha256: "0df44ebba85e503958eb75d07eedd3c86275a58c1d3eda2f2ce8f0a2c3abbb3c"
      url: "https://pub.dev"
    source: hosted
    version: "5.11.0"
  dio_cookie_manager:
    dependency: transitive
    description:
      name: dio_cookie_manager
      sha256: "4ed4669cacb11931517c1158876a2189f19386674b9dab498abcca063dbe4c61"
      url: "https://pub.dev"
    source: hosted
    version: "3.5.0"
  dio_web_adapter:
    dependency: transitive
    description:
      name: dio_web_adapter
      sha256: "0786d0b7295a373de356fc0af4f6f1d0ab2844ed31b19dfc5e7556b70e24212c"
      url: "https://pub.dev"
    source: hosted
    version: "2.2.1"
  euc:
    dependency: transitive
    description:
      name: euc
      sha256: "569b21c71ee5a3aa3e96f70512cd10d1fad7b438429fade65ec2a50038a09dc5"
      url: "https://pub.dev"
    source: hosted
    version: "1.0.6+8"
  flutter:
    dependency: "direct main"
    description: flutter
    source: sdk
    version: "0.0.0"
  flutter_treemap:
    dependency: transitive
    description:
      name: flutter_treemap
      sha256: "6c99734c4535c1899edc095c6820742d7995992f7580c8cd032375994f6c1c59"
      url: "https://pub.dev"
    source: hosted
    version: "1.0.0"
  functions_client:
    dependency: transitive
    description:
      name: functions_client
      sha256: "931e822688d2e97867b2300e2fdbb08c9db73f8653fc83efc7a259d2e0cca769"
      url: "https://pub.dev"
    source: hosted
    version: "2.7.1"
  gotrue:
    dependency: transitive
    description:
      name: gotrue
      sha256: cd73a6de4198baca71341177bed233673d7965aca2a0257ab5561feb2abdaf59
      url: "https://pub.dev"
    source: hosted
    version: "2.27.2"
  html:
    dependency: transitive
    description:
      name: html
      sha256: "43b67b8f43321ab066817dfac5619596c98bb1b61624e77203bb4351785f9699"
      url: "https://pub.dev"
    source: hosted
    version: "0.15.7"
  http:
    dependency: transitive
    description:
      name: http
      sha256: "87721a4a50b19c7f1d49001e51409bddc46303966ce89a65af4f4e6004896412"
      url: "https://pub.dev"
    source: hosted
    version: "1.6.0"
  http_parser:
    dependency: transitive
    description:
      name: http_parser
      sha256: "178d74305e7866013777bab2c3d8726205dc5a4dd935297175b19a23a2e66571"
      url: "https://pub.dev"
    source: hosted
    version: "4.1.2"
  logging:
    dependency: transitive
    description:
      name: logging
      sha256: c8245ada5f1717ed44271ed1c26b8ce85ca3228fd2ffdb75468ab01979309d61
      url: "https://pub.dev"
    source: hosted
    version: "1.3.0"
  material_color_utilities:
    dependency: transitive
    description:
      name: material_color_utilities
      sha256: "9c337007e82b1889149c82ed242ed1cb24a66044e30979c44912381e9be4c48b"
      url: "https://pub.dev"
    source: hosted
    version: "0.13.0"
  meta:
    dependency: transitive
    description:
      name: meta
      sha256: "1741988757a65eb6b36abe716829688cf01910bbf91c34354ff7ec1c3de2b349"
      url: "https://pub.dev"
    source: hosted
    version: "1.18.0"
  mime:
    dependency: transitive
    description:
      name: mime
      sha256: bd47de35f07e27267e69c8c8b22edf9473bfee170a60d60fcc93730c5144b7f6
      url: "https://pub.dev"
    source: hosted
    version: "2.1.0"
  models:
    dependency: "direct main"
    description:
      path: "dart/models"
      ref: main
      resolved-ref: "149f88ddf032ecdf9184d724fb3979f125da4e93"
      url: "git@github.com:u4-d/veda_shared.git"
    source: git
    version: "1.0.0"
  my_analyzer:
    dependency: transitive
    description:
      path: "dart/my_analyzer"
      ref: "149f88ddf032ecdf9184d724fb3979f125da4e93"
      resolved-ref: "149f88ddf032ecdf9184d724fb3979f125da4e93"
      url: "git@github.com:u4-d/veda_shared.git"
    source: git
    version: "1.0.0"
  my_logger:
    dependency: "direct overridden"
    description:
      path: "dart/my_logger"
      ref: main
      resolved-ref: "149f88ddf032ecdf9184d724fb3979f125da4e93"
      url: "git@github.com:u4-d/veda_shared.git"
    source: git
    version: "1.0.0"
  my_supabase_service:
    dependency: "direct main"
    description:
      path: "dart/my_supabase_service"
      ref: main
      resolved-ref: "149f88ddf032ecdf9184d724fb3979f125da4e93"
      url: "git@github.com:u4-d/veda_shared.git"
    source: git
    version: "0.0.1"
  path:
    dependency: transitive
    description:
      name: path
      sha256: "75cca69d1490965be98c73ceaea117e8a04dd21217b37b292c9ddbec0d955bc5"
      url: "https://pub.dev"
    source: hosted
    version: "1.9.1"
  pointycastle:
    dependency: transitive
    description:
      name: pointycastle
      sha256: "92aa3841d083cc4b0f4709b5c74fd6409a3e6ba833ffc7dc6a8fee096366acf5"
      url: "https://pub.dev"
    source: hosted
    version: "4.0.0"
  postgrest:
    dependency: transitive
    description:
      name: postgrest
      sha256: b7f957273ba6a1c26cefa987ac524f4138e9ab7542fbb9e6abdfddacb9895a21
      url: "https://pub.dev"
    source: hosted
    version: "2.9.1"
  ranking:
    dependency: "direct main"
    description:
      path: "flutter/stock/ranking"
      ref: main
      resolved-ref: "149f88ddf032ecdf9184d724fb3979f125da4e93"
      url: "git@github.com:u4-d/veda_shared.git"
    source: git
    version: "0.0.1"
  realtime_client:
    dependency: transitive
    description:
      name: realtime_client
      sha256: ff731ce21fd775e0d7accfb1eaccdcf47b687610720822ba8b9fd8f5bccb2bd9
      url: "https://pub.dev"
    source: hosted
    version: "2.13.0"
  sky_engine:
    dependency: transitive
    description: flutter
    source: sdk
    version: "0.0.0"
  source_span:
    dependency: transitive
    description:
      name: source_span
      sha256: "56a02f1f4cd1a2d96303c0144c93bd6d909eea6bee6bf5a0e0b685edbd4c47ab"
      url: "https://pub.dev"
    source: hosted
    version: "1.10.2"
  storage_client:
    dependency: transitive
    description:
      name: storage_client
      sha256: b16aaaadcef812fda31fca056f50fb3485afe64f94e5d537d30f485ed55dec5e
      url: "https://pub.dev"
    source: hosted
    version: "2.8.0"
  stream_channel:
    dependency: transitive
    description:
      name: stream_channel
      sha256: "969e04c80b8bcdf826f8f16579c7b14d780458bd97f56d107d3950fdbeef059d"
      url: "https://pub.dev"
    source: hosted
    version: "2.1.4"
  string_scanner:
    dependency: transitive
    description:
      name: string_scanner
      sha256: "921cd31725b72fe181906c6a94d987c78e3b98c2e205b397ea399d4054872b43"
      url: "https://pub.dev"
    source: hosted
    version: "1.4.1"
  supabase:
    dependency: transitive
    description:
      name: supabase
      sha256: "0645becf76f49d2633d8ec9bfd78ab98dce42de6899da8fa1f069c2c836d5d23"
      url: "https://pub.dev"
    source: hosted
    version: "2.16.1"
  supabase_common:
    dependency: transitive
    description:
      name: supabase_common
      sha256: a7961a44953cf8d9da049381fc3377516348255042fbb12b9d4f8540816f2fe9
      url: "https://pub.dev"
    source: hosted
    version: "0.1.2"
  term_glyph:
    dependency: transitive
    description:
      name: term_glyph
      sha256: "7f554798625ea768a7518313e58f83891c7f5024f88e46e7182a4558850a4b8e"
      url: "https://pub.dev"
    source: hosted
    version: "1.2.2"
  typed_data:
    dependency: transitive
    description:
      name: typed_data
      sha256: f9049c039ebfeb4cf7a7104a675823cd72dba8297f264b6637062516699fa006
      url: "https://pub.dev"
    source: hosted
    version: "1.4.0"
  universal_io:
    dependency: transitive
    description:
      name: universal_io
      sha256: f63cbc48103236abf48e345e07a03ce5757ea86285ed313a6a032596ed9301e2
      url: "https://pub.dev"
    source: hosted
    version: "2.3.1"
  utils:
    dependency: "direct overridden"
    description:
      path: "dart/utils"
      ref: main
      resolved-ref: "149f88ddf032ecdf9184d724fb3979f125da4e93"
      url: "git@github.com:u4-d/veda_shared.git"
    source: git
    version: "1.0.0"
  vector_math:
    dependency: transitive
    description:
      name: vector_math
      sha256: d530bd74fea330e6e364cda7a85019c434070188383e1cd8d9777ee586914c5b
      url: "https://pub.dev"
    source: hosted
    version: "2.2.0"
  web:
    dependency: transitive
    description:
      name: web
      sha256: "868d88a33d8a87b18ffc05f9f030ba328ffefba92d6c127917a2ba740f9cfe4a"
      url: "https://pub.dev"
    source: hosted
    version: "1.1.1"
  web_socket:
    dependency: transitive
    description:
      name: web_socket
      sha256: "34d64019aa8e36bf9842ac014bb5d2f5586ca73df5e4d9bf5c936975cae6982c"
      url: "https://pub.dev"
    source: hosted
    version: "1.0.1"
  web_socket_channel:
    dependency: transitive
    description:
      name: web_socket_channel
      sha256: d645757fb0f4773d602444000a8131ff5d48c9e47adfe9772652dd1a4f2d45c8
      url: "https://pub.dev"
    source: hosted
    version: "3.0.3"
  yet_another_json_isolate:
    dependency: transitive
    description:
      name: yet_another_json_isolate
      sha256: eaa26beb5990b25a49d942374fd5a0c5aa67a837e03b14b4c26134aaa1ed01a9
      url: "https://pub.dev"
    source: hosted
    version: "2.1.1"
sdks:
  dart: ">=3.11.5 <4.0.0"
  flutter: ">=1.17.0"
